
Microsoft Visual Studio Solution File, Format Version 12.00
# Visual Studio Version 17
VisualStudioVersion = 17.0.31717.71
MinimumVisualStudioVersion = 10.0.40219.1
Project("{8BC9CEB8-8B4A-11D0-8D11-00A0C91BC942}") = "YSA-IV", "YSA-IV\YSA-IV.vcxproj", "{68FC8262-B27F-41B6-AF6E-79898AC7609C}"
EndProject
Global
	GlobalSection(SolutionConfigurationPlatforms) = preSolution
		Debug|x64 = Debug|x64
		Debug|x86 = Debug|x86
		Release|x64 = Release|x64
		Release|x86 = Release|x86
	EndGlobalSection
	GlobalSection(ProjectConfigurationPlatforms) = postSolution
		{68FC8262-B27F-41B6-AF6E-79898AC7609C}.Debug|x64.ActiveCfg = Debug|x64
		{68FC8262-B27F-41B6-AF6E-79898AC7609C}.Debug|x64.Build.0 = Debug|x64
		{68FC8262-B27F-41B6-AF6E-79898AC7609C}.Debug|x86.ActiveCfg = Debug|Win32
		{68FC8262-B27F-41B6-AF6E-79898AC7609C}.Debug|x86.Build.0 = Debug|Win32
		{68FC8262-B27F-41B6-AF6E-79898AC7609C}.Release|x64.ActiveCfg = Release|x64
		{68FC8262-B27F-41B6-AF6E-79898AC7609C}.Release|x64.Build.0 = Release|x64
		{68FC8262-B27F-41B6-AF6E-79898AC7609C}.Release|x86.ActiveCfg = Release|Win32
		{68FC8262-B27F-41B6-AF6E-79898AC7609C}.Release|x86.Build.0 = Release|Win32
	EndGlobalSection
	GlobalSection(SolutionProperties) = preSolution
		HideSolutionNode = FALSE
	EndGlobalSection
	GlobalSection(ExtensibilityGlobals) = postSolution
		SolutionGuid = {07C7EFB7-6250-4012-B897-15992430C79C}
	EndGlobalSection
EndGlobal
